# This file is automatically @generated by Cargo.
# It is not intended for manual editing.
version = 4

[[package]]
name = "knot-abi"
version = "0.1.0"

[[package]]
name = "knot-cli"
version = "0.1.0"
dependencies = [
 "knot-core",
]

[[package]]
name = "knot-core"
version = "0.1.0"
dependencies = [
 "knot-abi",
 "knot-diagnostics",
 "knot-facts",
 "knot-parser",
 "knot-runtime",
]

[[package]]
name = "knot-diagnostics"
version = "0.1.0"

[[package]]
name = "knot-facts"
version = "0.1.0"

[[package]]
name = "knot-parser"
version = "0.1.0"

[[package]]
name = "knot-runtime"
version = "0.1.0"
